// !$*UTF8*$!
{
	archiveVersion = 1;
	classes = {
	};
	objectVersion = 56;
	objects = {

/* Begin PBXBuildFile section */
		81546C412A64779500F2E98E /* Sway_TVApp.swift in Sources */ = {isa = PBXBuildFile; fileRef = 81546C402A64779500F2E98E /* Sway_TVApp.swift */; };
		81546C432A64779500F2E98E /* ContentView.swift in Sources */ = {isa = PBXBuildFile; fileRef = 81546C422A64779500F2E98E /* ContentView.swift */; };
		81546C452A64779600F2E98E /* Assets.xcassets in Resources */ = {isa = PBXBuildFile; fileRef = 81546C442A64779600F2E98E /* Assets.xcassets */; };
		81546C482A64779600F2E98E /* Preview Assets.xcassets in Resources */ = {isa = PBXBuildFile; fileRef = 81546C472A64779600F2E98E /* Preview Assets.xcassets */; };
		81546C522A64779600F2E98E /* Sway_TVTests.swift in Sources */ = {isa = PBXBuildFile; fileRef = 81546C512A64779600F2E98E /* Sway_TVTests.swift */; };
		81546C5C2A64779600F2E98E /* Sway_TVUITests.swift in Sources */ = {isa = PBXBuildFile; fileRef = 81546C5B2A64779600F2E98E /* Sway_TVUITests.swift */; };
		81546C5E2A64779600F2E98E /* Sway_TVUITestsLaunchTests.swift in Sources */ = {isa = PBXBuildFile; fileRef = 81546C5D2A64779600F2E98E /* Sway_TVUITestsLaunchTests.swift */; };
		81546C712A64784B00F2E98E /* VideoPlayerView.swift in Sources */ = {isa = PBXBuildFile; fileRef = 81546C6B2A64784900F2E98E /* VideoPlayerView.swift */; };
		81546C722A64784B00F2E98E /* EventScheduleView.swift in Sources */ = {isa = PBXBuildFile; fileRef = 81546C6C2A64784A00F2E98E /* EventScheduleView.swift */; };
		81546C732A64784B00F2E98E /* AudioPlayerView.swift in Sources */ = {isa = PBXBuildFile; fileRef = 81546C6D2A64784A00F2E98E /* AudioPlayerView.swift */; };
		81546C742A64784B00F2E98E /* AudioPlayer.swift in Sources */ = {isa = PBXBuildFile; fileRef = 81546C6E2A64784A00F2E98E /* AudioPlayer.swift */; };
		81546C752A64784B00F2E98E /* Media.xcassets in Resources */ = {isa = PBXBuildFile; fileRef = 81546C6F2A64784A00F2E98E /* Media.xcassets */; };
		81546C762A64784B00F2E98E /* RadioStationMetadata.swift in Sources */ = {isa = PBXBuildFile; fileRef = 81546C702A64784B00F2E98E /* RadioStationMetadata.swift */; };
		81546C7A2A6479BD00F2E98E /* HomeTabView.swift in Sources */ = {isa = PBXBuildFile; fileRef = 81546C772A6479BC00F2E98E /* HomeTabView.swift */; };
		81546C7B2A6479BD00F2E98E /* AmbientVideoMenuView.swift in Sources */ = {isa = PBXBuildFile; fileRef = 81546C782A6479BC00F2E98E /* AmbientVideoMenuView.swift */; };
		81546C7C2A6479BD00F2E98E /* StartSharePlayView.swift in Sources */ = {isa = PBXBuildFile; fileRef = 81546C792A6479BC00F2E98E /* StartSharePlayView.swift */; };
		81546C7F2A649BB300F2E98E /* wave.mp4 in Resources */ = {isa = PBXBuildFile; fileRef = 81546C7E2A649BB300F2E98E /* wave.mp4 */; };
/* End PBXBuildFile section */

/* Begin PBXContainerItemProxy section */
		81546C4E2A64779600F2E98E /* PBXContainerItemProxy */ = {
			isa = PBXContainerItemProxy;
			containerPortal = 81546C352A64779500F2E98E /* Project object */;
			proxyType = 1;
			remoteGlobalIDString = 81546C3C2A64779500F2E98E;
			remoteInfo = "Sway TV";
		};
		81546C582A64779600F2E98E /* PBXContainerItemProxy */ = {
			isa = PBXContainerItemProxy;
			containerPortal = 81546C352A64779500F2E98E /* Project object */;
			proxyType = 1;
			remoteGlobalIDString = 81546C3C2A64779500F2E98E;
			remoteInfo = "Sway TV";
		};
/* End PBXContainerItemProxy section */

/* Begin PBXFileReference section */
		81546C3D2A64779500F2E98E /* Sway TV.app */ = {isa = PBXFileReference; explicitFileType = wrapper.application; includeInIndex = 0; path = "Sway TV.app"; sourceTree = BUILT_PRODUCTS_DIR; };
		81546C402A64779500F2E98E /* Sway_TVApp.swift */ = {isa = PBXFileReference; lastKnownFileType = sourcecode.swift; path = Sway_TVApp.swift; sourceTree = "<group>"; };
		81546C422A64779500F2E98E /* ContentView.swift */ = {isa = PBXFileReference; lastKnownFileType = sourcecode.swift; path = ContentView.swift; sourceTree = "<group>"; };
		81546C442A64779600F2E98E /* Assets.xcassets */ = {isa = PBXFileReference; lastKnownFileType = folder.assetcatalog; path = Assets.xcassets; sourceTree = "<group>"; };
		81546C472A64779600F2E98E /* Preview Assets.xcassets */ = {isa = PBXFileReference; lastKnownFileType = folder.assetcatalog; path = "Preview Assets.xcassets"; sourceTree = "<group>"; };
		81546C4D2A64779600F2E98E /* Sway TVTests.xctest */ = {isa = PBXFileReference; explicitFileType = wrapper.cfbundle; includeInIndex = 0; path = "Sway TVTests.xctest"; sourceTree = BUILT_PRODUCTS_DIR; };
		81546C512A64779600F2E98E /* Sway_TVTests.swift */ = {isa = PBXFileReference; lastKnownFileType = sourcecode.swift; path = Sway_TVTests.swift; sourceTree = "<group>"; };
		81546C572A64779600F2E98E /* Sway TVUITests.xctest */ = {isa = PBXFileReference; explicitFileType = wrapper.cfbundle; includeInIndex = 0; path = "Sway TVUITests.xctest"; sourceTree = BUILT_PRODUCTS_DIR; };
		81546C5B2A64779600F2E98E /* Sway_TVUITests.swift */ = {isa = PBXFileReference; lastKnownFileType = sourcecode.swift; path = Sway_TVUITests.swift; sourceTree = "<group>"; };
		81546C5D2A64779600F2E98E /* Sway_TVUITestsLaunchTests.swift */ = {isa = PBXFileReference; lastKnownFileType = sourcecode.swift; path = Sway_TVUITestsLaunchTests.swift; sourceTree = "<group>"; };
		81546C6B2A64784900F2E98E /* VideoPlayerView.swift */ = {isa = PBXFileReference; fileEncoding = 4; lastKnownFileType = sourcecode.swift; path = VideoPlayerView.swift; sourceTree = "<group>"; };
		81546C6C2A64784A00F2E98E /* EventScheduleView.swift */ = {isa = PBXFileReference; fileEncoding = 4; lastKnownFileType = sourcecode.swift; path = EventScheduleView.swift; sourceTree = "<group>"; };
		81546C6D2A64784A00F2E98E /* AudioPlayerView.swift */ = {isa = PBXFileReference; fileEncoding = 4; lastKnownFileType = sourcecode.swift; path = AudioPlayerView.swift; sourceTree = "<group>"; };
		81546C6E2A64784A00F2E98E /* AudioPlayer.swift */ = {isa = PBXFileReference; fileEncoding = 4; lastKnownFileType = sourcecode.swift; path = AudioPlayer.swift; sourceTree = "<group>"; };
		81546C6F2A64784A00F2E98E /* Media.xcassets */ = {isa = PBXFileReference; lastKnownFileType = folder.assetcatalog; path = Media.xcassets; sourceTree = "<group>"; };
		81546C702A64784B00F2E98E /* RadioStationMetadata.swift */ = {isa = PBXFileReference; fileEncoding = 4; lastKnownFileType = sourcecode.swift; path = RadioStationMetadata.swift; sourceTree = "<group>"; };
		81546C772A6479BC00F2E98E /* HomeTabView.swift */ = {isa = PBXFileReference; fileEncoding = 4; lastKnownFileType = sourcecode.swift; path = HomeTabView.swift; sourceTree = "<group>"; };
		81546C782A6479BC00F2E98E /* AmbientVideoMenuView.swift */ = {isa = PBXFileReference; fileEncoding = 4; lastKnownFileType = sourcecode.swift; path = AmbientVideoMenuView.swift; sourceTree = "<group>"; };
		81546C792A6479BC00F2E98E /* StartSharePlayView.swift */ = {isa = PBXFileReference; fileEncoding = 4; lastKnownFileType = sourcecode.swift; path = StartSharePlayView.swift; sourceTree = "<group>"; };
		81546C7D2A64849300F2E98E /* Sway TV.entitlements */ = {isa = PBXFileReference; lastKnownFileType = text.plist.entitlements; path = "Sway TV.entitlements"; sourceTree = "<group>"; };
		81546C7E2A649BB300F2E98E /* wave.mp4 */ = {isa = PBXFileReference; lastKnownFileType = file; path = wave.mp4; sourceTree = "<group>"; };
/* End PBXFileReference section */

/* Begin PBXFrameworksBuildPhase section */
		81546C3A2A64779500F2E98E /* Frameworks */ = {
			isa = PBXFrameworksBuildPhase;
			buildActionMask = 2147483647;
			files = (
			);
			runOnlyForDeploymentPostprocessing = 0;
		};
		81546C4A2A64779600F2E98E /* Frameworks */ = {
			isa = PBXFrameworksBuildPhase;
			buildActionMask = 2147483647;
			files = (
			);
			runOnlyForDeploymentPostprocessing = 0;
		};
		81546C542A64779600F2E98E /* Frameworks */ = {
			isa = PBXFrameworksBuildPhase;
			buildActionMask = 2147483647;
			files = (
			);
			runOnlyForDeploymentPostprocessing = 0;
		};
/* End PBXFrameworksBuildPhase section */

/* Begin PBXGroup section */
		81546C342A64779500F2E98E = {
			isa = PBXGroup;
			children = (
				81546C7E2A649BB300F2E98E /* wave.mp4 */,
				81546C6A2A6477F400F2E98E /* Shared */,
				81546C3F2A64779500F2E98E /* Sway TV */,
				81546C502A64779600F2E98E /* Sway TVTests */,
				81546C5A2A64779600F2E98E /* Sway TVUITests */,
				81546C3E2A64779500F2E98E /* Products */,
			);
			sourceTree = "<group>";
		};
		81546C3E2A64779500F2E98E /* Products */ = {
			isa = PBXGroup;
			children = (
				81546C3D2A64779500F2E98E /* Sway TV.app */,
				81546C4D2A64779600F2E98E /* Sway TVTests.xctest */,
				81546C572A64779600F2E98E /* Sway TVUITests.xctest */,
			);
			name = Products;
			sourceTree = "<group>";
		};
		81546C3F2A64779500F2E98E /* Sway TV */ = {
			isa = PBXGroup;
			children = (
				81546C7D2A64849300F2E98E /* Sway TV.entitlements */,
				81546C782A6479BC00F2E98E /* AmbientVideoMenuView.swift */,
				81546C772A6479BC00F2E98E /* HomeTabView.swift */,
				81546C792A6479BC00F2E98E /* StartSharePlayView.swift */,
				81546C402A64779500F2E98E /* Sway_TVApp.swift */,
				81546C422A64779500F2E98E /* ContentView.swift */,
				81546C442A64779600F2E98E /* Assets.xcassets */,
				81546C462A64779600F2E98E /* Preview Content */,
			);
			path = "Sway TV";
			sourceTree = "<group>";
		};
		81546C462A64779600F2E98E /* Preview Content */ = {
			isa = PBXGroup;
			children = (
				81546C472A64779600F2E98E /* Preview Assets.xcassets */,
			);
			path = "Preview Content";
			sourceTree = "<group>";
		};
		81546C502A64779600F2E98E /* Sway TVTests */ = {
			isa = PBXGroup;
			children = (
				81546C512A64779600F2E98E /* Sway_TVTests.swift */,
			);
			path = "Sway TVTests";
			sourceTree = "<group>";
		};
		81546C5A2A64779600F2E98E /* Sway TVUITests */ = {
			isa = PBXGroup;
			children = (
				81546C5B2A64779600F2E98E /* Sway_TVUITests.swift */,
				81546C5D2A64779600F2E98E /* Sway_TVUITestsLaunchTests.swift */,
			);
			path = "Sway TVUITests";
			sourceTree = "<group>";
		};
		81546C6A2A6477F400F2E98E /* Shared */ = {
			isa = PBXGroup;
			children = (
				81546C6E2A64784A00F2E98E /* AudioPlayer.swift */,
				81546C6D2A64784A00F2E98E /* AudioPlayerView.swift */,
				81546C6C2A64784A00F2E98E /* EventScheduleView.swift */,
				81546C6F2A64784A00F2E98E /* Media.xcassets */,
				81546C702A64784B00F2E98E /* RadioStationMetadata.swift */,
				81546C6B2A64784900F2E98E /* VideoPlayerView.swift */,
			);
			path = Shared;
			sourceTree = "<group>";
		};
/* End PBXGroup section */

/* Begin PBXNativeTarget section */
		81546C3C2A64779500F2E98E /* Sway TV */ = {
			isa = PBXNativeTarget;
			buildConfigurationList = 81546C612A64779600F2E98E /* Build configuration list for PBXNativeTarget "Sway TV" */;
			buildPhases = (
				81546C392A64779500F2E98E /* Sources */,
				81546C3A2A64779500F2E98E /* Frameworks */,
				81546C3B2A64779500F2E98E /* Resources */,
			);
			buildRules = (
			);
			dependencies = (
			);
			name = "Sway TV";
			productName = "Sway TV";
			productReference = 81546C3D2A64779500F2E98E /* Sway TV.app */;
			productType = "com.apple.product-type.application";
		};
		81546C4C2A64779600F2E98E /* Sway TVTests */ = {
			isa = PBXNativeTarget;
			buildConfigurationList = 81546C642A64779600F2E98E /* Build configuration list for PBXNativeTarget "Sway TVTests" */;
			buildPhases = (
				81546C492A64779600F2E98E /* Sources */,
				81546C4A2A64779600F2E98E /* Frameworks */,
				81546C4B2A64779600F2E98E /* Resources */,
			);
			buildRules = (
			);
			dependencies = (
				81546C4F2A64779600F2E98E /* PBXTargetDependency */,
			);
			name = "Sway TVTests";
			productName = "Sway TVTests";
			productReference = 81546C4D2A64779600F2E98E /* Sway TVTests.xctest */;
			productType = "com.apple.product-type.bundle.unit-test";
		};
		81546C562A64779600F2E98E /* Sway TVUITests */ = {
			isa = PBXNativeTarget;
			buildConfigurationList = 81546C672A64779600F2E98E /* Build configuration list for PBXNativeTarget "Sway TVUITests" */;
			buildPhases = (
				81546C532A64779600F2E98E /* Sources */,
				81546C542A64779600F2E98E /* Frameworks */,
				81546C552A64779600F2E98E /* Resources */,
			);
			buildRules = (
			);
			dependencies = (
				81546C592A64779600F2E98E /* PBXTargetDependency */,
			);
			name = "Sway TVUITests";
			productName = "Sway TVUITests";
			productReference = 81546C572A64779600F2E98E /* Sway TVUITests.xctest */;
			productType = "com.apple.product-type.bundle.ui-testing";
		};
/* End PBXNativeTarget section */

/* Begin PBXProject section */
		81546C352A64779500F2E98E /* Project object */ = {
			isa = PBXProject;
			attributes = {
				BuildIndependentTargetsInParallel = 1;
				LastSwiftUpdateCheck = 1430;
				LastUpgradeCheck = 1430;
				TargetAttributes = {
					81546C3C2A64779500F2E98E = {
						CreatedOnToolsVersion = 14.3.1;
					};
					81546C4C2A64779600F2E98E = {
						CreatedOnToolsVersion = 14.3.1;
						TestTargetID = 81546C3C2A64779500F2E98E;
					};
					81546C562A64779600F2E98E = {
						CreatedOnToolsVersion = 14.3.1;
						TestTargetID = 81546C3C2A64779500F2E98E;
					};
				};
			};
			buildConfigurationList = 81546C382A64779500F2E98E /* Build configuration list for PBXProject "Sway TV" */;
			compatibilityVersion = "Xcode 14.0";
			developmentRegion = en;
			hasScannedForEncodings = 0;
			knownRegions = (
				en,
				Base,
			);
			mainGroup = 81546C342A64779500F2E98E;
			productRefGroup = 81546C3E2A64779500F2E98E /* Products */;
			projectDirPath = "";
			projectRoot = "";
			targets = (
				81546C3C2A64779500F2E98E /* Sway TV */,
				81546C4C2A64779600F2E98E /* Sway TVTests */,
				81546C562A64779600F2E98E /* Sway TVUITests */,
			);
		};
/* End PBXProject section */

/* Begin PBXResourcesBuildPhase section */
		81546C3B2A64779500F2E98E /* Resources */ = {
			isa = PBXResourcesBuildPhase;
			buildActionMask = 2147483647;
			files = (
				81546C482A64779600F2E98E /* Preview Assets.xcassets in Resources */,
				81546C752A64784B00F2E98E /* Media.xcassets in Resources */,
				81546C7F2A649BB300F2E98E /* wave.mp4 in Resources */,
				81546C452A64779600F2E98E /* Assets.xcassets in Resources */,
			);
			runOnlyForDeploymentPostprocessing = 0;
		};
		81546C4B2A64779600F2E98E /* Resources */ = {
			isa = PBXResourcesBuildPhase;
			buildActionMask = 2147483647;
			files = (
			);
			runOnlyForDeploymentPostprocessing = 0;
		};
		81546C552A64779600F2E98E /* Resources */ = {
			isa = PBXResourcesBuildPhase;
			buildActionMask = 2147483647;
			files = (
			);
			runOnlyForDeploymentPostprocessing = 0;
		};
/* End PBXResourcesBuildPhase section */

/* Begin PBXSourcesBuildPhase section */
		81546C392A64779500F2E98E /* Sources */ = {
			isa = PBXSourcesBuildPhase;
			buildActionMask = 2147483647;
			files = (
				81546C722A64784B00F2E98E /* EventScheduleView.swift in Sources */,
				81546C432A64779500F2E98E /* ContentView.swift in Sources */,
				81546C412A64779500F2E98E /* Sway_TVApp.swift in Sources */,
				81546C712A64784B00F2E98E /* VideoPlayerView.swift in Sources */,
				81546C732A64784B00F2E98E /* AudioPlayerView.swift in Sources */,
				81546C742A64784B00F2E98E /* AudioPlayer.swift in Sources */,
				81546C762A64784B00F2E98E /* RadioStationMetadata.swift in Sources */,
				81546C7B2A6479BD00F2E98E /* AmbientVideoMenuView.swift in Sources */,
				81546C7A2A6479BD00F2E98E /* HomeTabView.swift in Sources */,
				81546C7C2A6479BD00F2E98E /* StartSharePlayView.swift in Sources */,
			);
			runOnlyForDeploymentPostprocessing = 0;
		};
		81546C492A64779600F2E98E /* Sources */ = {
			isa = PBXSourcesBuildPhase;
			buildActionMask = 2147483647;
			files = (
				81546C522A64779600F2E98E /* Sway_TVTests.swift in Sources */,
			);
			runOnlyForDeploymentPostprocessing = 0;
		};
		81546C532A64779600F2E98E /* Sources */ = {
			isa = PBXSourcesBuildPhase;
			buildActionMask = 2147483647;
			files = (
				81546C5E2A64779600F2E98E /* Sway_TVUITestsLaunchTests.swift in Sources */,
				81546C5C2A64779600F2E98E /* Sway_TVUITests.swift in Sources */,
			);
			runOnlyForDeploymentPostprocessing = 0;
		};
/* End PBXSourcesBuildPhase section */

/* Begin PBXTargetDependency section */
		81546C4F2A64779600F2E98E /* PBXTargetDependency */ = {
			isa = PBXTargetDependency;
			target = 81546C3C2A64779500F2E98E /* Sway TV */;
			targetProxy = 81546C4E2A64779600F2E98E /* PBXContainerItemProxy */;
		};
		81546C592A64779600F2E98E /* PBXTargetDependency */ = {
			isa = PBXTargetDependency;
			target = 81546C3C2A64779500F2E98E /* Sway TV */;
			targetProxy = 81546C582A64779600F2E98E /* PBXContainerItemProxy */;
		};
/* End PBXTargetDependency section */

/* Begin XCBuildConfiguration section */
		81546C5F2A64779600F2E98E /* Debug */ = {
			isa = XCBuildConfiguration;
			buildSettings = {
				ALWAYS_SEARCH_USER_PATHS = NO;
				CLANG_ANALYZER_NONNULL = YES;
				CLANG_ANALYZER_NUMBER_OBJECT_CONVERSION = YES_AGGRESSIVE;
				CLANG_CXX_LANGUAGE_STANDARD = "gnu++20";
				CLANG_ENABLE_MODULES = YES;
				CLANG_ENABLE_OBJC_ARC = YES;
				CLANG_ENABLE_OBJC_WEAK = YES;
				CLANG_WARN_BLOCK_CAPTURE_AUTORELEASING = YES;
				CLANG_WARN_BOOL_CONVERSION = YES;
				CLANG_WARN_COMMA = YES;
				CLANG_WARN_CONSTANT_CONVERSION = YES;
				CLANG_WARN_DEPRECATED_OBJC_IMPLEMENTATIONS = YES;
				CLANG_WARN_DIRECT_OBJC_ISA_USAGE = YES_ERROR;
				CLANG_WARN_DOCUMENTATION_COMMENTS = YES;
				CLANG_WARN_EMPTY_BODY = YES;
				CLANG_WARN_ENUM_CONVERSION = YES;
				CLANG_WARN_INFINITE_RECURSION = YES;
				CLANG_WARN_INT_CONVERSION = YES;
				CLANG_WARN_NON_LITERAL_NULL_CONVERSION = YES;
				CLANG_WARN_OBJC_IMPLICIT_RETAIN_SELF = YES;
				CLANG_WARN_OBJC_LITERAL_CONVERSION = YES;
				CLANG_WARN_OBJC_ROOT_CLASS = YES_ERROR;
				CLANG_WARN_QUOTED_INCLUDE_IN_FRAMEWORK_HEADER = YES;
				CLANG_WARN_RANGE_LOOP_ANALYSIS = YES;
				CLANG_WARN_STRICT_PROTOTYPES = YES;
				CLANG_WARN_SUSPICIOUS_MOVE = YES;
				CLANG_WARN_UNGUARDED_AVAILABILITY = YES_AGGRESSIVE;
				CLANG_WARN_UNREACHABLE_CODE = YES;
				CLANG_WARN__DUPLICATE_METHOD_MATCH = YES;
				COPY_PHASE_STRIP = NO;
				DEBUG_INFORMATION_FORMAT = dwarf;
				ENABLE_STRICT_OBJC_MSGSEND = YES;
				ENABLE_TESTABILITY = YES;
				GCC_C_LANGUAGE_STANDARD = gnu11;
				GCC_DYNAMIC_NO_PIC = NO;
				GCC_NO_COMMON_BLOCKS = YES;
				GCC_OPTIMIZATION_LEVEL = 0;
				GCC_PREPROCESSOR_DEFINITIONS = (
					"DEBUG=1",
					"$(inherited)",
				);
				GCC_WARN_64_TO_32_BIT_CONVERSION = YES;
				GCC_WARN_ABOUT_RETURN_TYPE = YES_ERROR;
				GCC_WARN_UNDECLARED_SELECTOR = YES;
				GCC_WARN_UNINITIALIZED_AUTOS = YES_AGGRESSIVE;
				GCC_WARN_UNUSED_FUNCTION = YES;
				GCC_WARN_UNUSED_VARIABLE = YES;
				MTL_ENABLE_DEBUG_INFO = INCLUDE_SOURCE;
				MTL_FAST_MATH = YES;
				ONLY_ACTIVE_ARCH = YES;
				SDKROOT = appletvos;
				SWIFT_ACTIVE_COMPILATION_CONDITIONS = DEBUG;
				SWIFT_OPTIMIZATION_LEVEL = "-Onone";
				TVOS_DEPLOYMENT_TARGET = 16.4;
			};
			name = Debug;
		};
		81546C602A64779600F2E98E /* Release */ = {
			isa = XCBuildConfiguration;
			buildSettings = {
				ALWAYS_SEARCH_USER_PATHS = NO;
				CLANG_ANALYZER_NONNULL = YES;
				CLANG_ANALYZER_NUMBER_OBJECT_CONVERSION = YES_AGGRESSIVE;
				CLANG_CXX_LANGUAGE_STANDARD = "gnu++20";
				CLANG_ENABLE_MODULES = YES;
				CLANG_ENABLE_OBJC_ARC = YES;
				CLANG_ENABLE_OBJC_WEAK = YES;
				CLANG_WARN_BLOCK_CAPTURE_AUTORELEASING = YES;
				CLANG_WARN_BOOL_CONVERSION = YES;
				CLANG_WARN_COMMA = YES;
				CLANG_WARN_CONSTANT_CONVERSION = YES;
				CLANG_WARN_DEPRECATED_OBJC_IMPLEMENTATIONS = YES;
				CLANG_WARN_DIRECT_OBJC_ISA_USAGE = YES_ERROR;
				CLANG_WARN_DOCUMENTATION_COMMENTS = YES;
				CLANG_WARN_EMPTY_BODY = YES;
				CLANG_WARN_ENUM_CONVERSION = YES;
				CLANG_WARN_INFINITE_RECURSION = YES;
				CLANG_WARN_INT_CONVERSION = YES;
				CLANG_WARN_NON_LITERAL_NULL_CONVERSION = YES;
				CLANG_WARN_OBJC_IMPLICIT_RETAIN_SELF = YES;
				CLANG_WARN_OBJC_LITERAL_CONVERSION = YES;
				CLANG_WARN_OBJC_ROOT_CLASS = YES_ERROR;
				CLANG_WARN_QUOTED_INCLUDE_IN_FRAMEWORK_HEADER = YES;
				CLANG_WARN_RANGE_LOOP_ANALYSIS = YES;
				CLANG_WARN_STRICT_PROTOTYPES = YES;
				CLANG_WARN_SUSPICIOUS_MOVE = YES;
				CLANG_WARN_UNGUARDED_AVAILABILITY = YES_AGGRESSIVE;
				CLANG_WARN_UNREACHABLE_CODE = YES;
				CLANG_WARN__DUPLICATE_METHOD_MATCH = YES;
				COPY_PHASE_STRIP = NO;
				DEBUG_INFORMATION_FORMAT = "dwarf-with-dsym";
				ENABLE_NS_ASSERTIONS = NO;
				ENABLE_STRICT_OBJC_MSGSEND = YES;
				GCC_C_LANGUAGE_STANDARD = gnu11;
				GCC_NO_COMMON_BLOCKS = YES;
				GCC_WARN_64_TO_32_BIT_CONVERSION = YES;
				GCC_WARN_ABOUT_RETURN_TYPE = YES_ERROR;
				GCC_WARN_UNDECLARED_SELECTOR = YES;
				GCC_WARN_UNINITIALIZED_AUTOS = YES_AGGRESSIVE;
				GCC_WARN_UNUSED_FUNCTION = YES;
				GCC_WARN_UNUSED_VARIABLE = YES;
				MTL_ENABLE_DEBUG_INFO = NO;
				MTL_FAST_MATH = YES;
				SDKROOT = appletvos;
				SWIFT_COMPILATION_MODE = wholemodule;
				SWIFT_OPTIMIZATION_LEVEL = "-O";
				TVOS_DEPLOYMENT_TARGET = 16.4;
				VALIDATE_PRODUCT = YES;
			};
			name = Release;
		};
		81546C622A64779600F2E98E /* Debug */ = {
			isa = XCBuildConfiguration;
			buildSettings = {
				ASSETCATALOG_COMPILER_APPICON_NAME = "App Icon & Top Shelf Image";
				ASSETCATALOG_COMPILER_GLOBAL_ACCENT_COLOR_NAME = AccentColor;
				CODE_SIGN_ENTITLEMENTS = "Sway TV/Sway TV.entitlements";
				CODE_SIGN_STYLE = Automatic;
				CURRENT_PROJECT_VERSION = 3;
				DEVELOPMENT_ASSET_PATHS = "\"Sway TV/Preview Content\"";
				DEVELOPMENT_TEAM = LGH757AD8S;
				ENABLE_PREVIEWS = YES;
				GENERATE_INFOPLIST_FILE = YES;
				INFOPLIST_FILE = "Sway-TV-Info.plist";
				INFOPLIST_KEY_UILaunchScreen_Generation = YES;
				INFOPLIST_KEY_UIUserInterfaceStyle = Automatic;
				LD_RUNPATH_SEARCH_PATHS = (
					"$(inherited)",
					"@executable_path/Frameworks",
				);
				MARKETING_VERSION = 1.0;
				PRODUCT_BUNDLE_IDENTIFIER = "app.waggie.Sway-TV";
				PRODUCT_NAME = "$(TARGET_NAME)";
				SWIFT_EMIT_LOC_STRINGS = YES;
				SWIFT_VERSION = 5.0;
				TARGETED_DEVICE_FAMILY = 3;
			};
			name = Debug;
		};
		81546C632A64779600F2E98E /* Release */ = {
			isa = XCBuildConfiguration;
			buildSettings = {
				ASSETCATALOG_COMPILER_APPICON_NAME = "App Icon & Top Shelf Image";
				ASSETCATALOG_COMPILER_GLOBAL_ACCENT_COLOR_NAME = AccentColor;
				CODE_SIGN_ENTITLEMENTS = "Sway TV/Sway TV.entitlements";
				CODE_SIGN_STYLE = Automatic;
				CURRENT_PROJECT_VERSION = 3;
				DEVELOPMENT_ASSET_PATHS = "\"Sway TV/Preview Content\"";
				DEVELOPMENT_TEAM = LGH757AD8S;
				ENABLE_PREVIEWS = YES;
				GENERATE_INFOPLIST_FILE = YES;
				INFOPLIST_FILE = "Sway-TV-Info.plist";
				INFOPLIST_KEY_UILaunchScreen_Generation = YES;
				INFOPLIST_KEY_UIUserInterfaceStyle = Automatic;
				LD_RUNPATH_SEARCH_PATHS = (
					"$(inherited)",
					"@executable_path/Frameworks",
				);
				MARKETING_VERSION = 1.0;
				PRODUCT_BUNDLE_IDENTIFIER = "app.waggie.Sway-TV";
				PRODUCT_NAME = "$(TARGET_NAME)";
				SWIFT_EMIT_LOC_STRINGS = YES;
				SWIFT_VERSION = 5.0;
				TARGETED_DEVICE_FAMILY = 3;
			};
			name = Release;
		};
		81546C652A64779600F2E98E /* Debug */ = {
			isa = XCBuildConfiguration;
			buildSettings = {
				ALWAYS_EMBED_SWIFT_STANDARD_LIBRARIES = YES;
				BUNDLE_LOADER = "$(TEST_HOST)";
				CODE_SIGN_STYLE = Automatic;
				CURRENT_PROJECT_VERSION = 1;
				DEVELOPMENT_TEAM = LGH757AD8S;
				GENERATE_INFOPLIST_FILE = YES;
				MARKETING_VERSION = 1.0;
				PRODUCT_BUNDLE_IDENTIFIER = "app.waggie.Sway-TVTests";
				PRODUCT_NAME = "$(TARGET_NAME)";
				SWIFT_EMIT_LOC_STRINGS = NO;
				SWIFT_VERSION = 5.0;
				TARGETED_DEVICE_FAMILY = 3;
				TEST_HOST = "$(BUILT_PRODUCTS_DIR)/Sway TV.app/$(BUNDLE_EXECUTABLE_FOLDER_PATH)/Sway TV";
				TVOS_DEPLOYMENT_TARGET = 16.4;
			};
			name = Debug;
		};
		81546C662A64779600F2E98E /* Release */ = {
			isa = XCBuildConfiguration;
			buildSettings = {
				ALWAYS_EMBED_SWIFT_STANDARD_LIBRARIES = YES;
				BUNDLE_LOADER = "$(TEST_HOST)";
				CODE_SIGN_STYLE = Automatic;
				CURRENT_PROJECT_VERSION = 1;
				DEVELOPMENT_TEAM = LGH757AD8S;
				GENERATE_INFOPLIST_FILE = YES;
				MARKETING_VERSION = 1.0;
				PRODUCT_BUNDLE_IDENTIFIER = "app.waggie.Sway-TVTests";
				PRODUCT_NAME = "$(TARGET_NAME)";
				SWIFT_EMIT_LOC_STRINGS = NO;
				SWIFT_VERSION = 5.0;
				TARGETED_DEVICE_FAMILY = 3;
				TEST_HOST = "$(BUILT_PRODUCTS_DIR)/Sway TV.app/$(BUNDLE_EXECUTABLE_FOLDER_PATH)/Sway TV";
				TVOS_DEPLOYMENT_TARGET = 16.4;
			};
			name = Release;
		};
		81546C682A64779600F2E98E /* Debug */ = {
			isa = XCBuildConfiguration;
			buildSettings = {
				ALWAYS_EMBED_SWIFT_STANDARD_LIBRARIES = YES;
				CODE_SIGN_STYLE = Automatic;
				CURRENT_PROJECT_VERSION = 1;
				DEVELOPMENT_TEAM = LGH757AD8S;
				GENERATE_INFOPLIST_FILE = YES;
				MARKETING_VERSION = 1.0;
				PRODUCT_BUNDLE_IDENTIFIER = "app.waggie.Sway-TVUITests";
				PRODUCT_NAME = "$(TARGET_NAME)";
				SWIFT_EMIT_LOC_STRINGS = NO;
				SWIFT_VERSION = 5.0;
				TARGETED_DEVICE_FAMILY = 3;
				TEST_TARGET_NAME = "Sway TV";
			};
			name = Debug;
		};
		81546C692A64779600F2E98E /* Release */ = {
			isa = XCBuildConfiguration;
			buildSettings = {
				ALWAYS_EMBED_SWIFT_STANDARD_LIBRARIES = YES;
				CODE_SIGN_STYLE = Automatic;
				CURRENT_PROJECT_VERSION = 1;
				DEVELOPMENT_TEAM = LGH757AD8S;
				GENERATE_INFOPLIST_FILE = YES;
				MARKETING_VERSION = 1.0;
				PRODUCT_BUNDLE_IDENTIFIER = "app.waggie.Sway-TVUITests";
				PRODUCT_NAME = "$(TARGET_NAME)";
				SWIFT_EMIT_LOC_STRINGS = NO;
				SWIFT_VERSION = 5.0;
				TARGETED_DEVICE_FAMILY = 3;
				TEST_TARGET_NAME = "Sway TV";
			};
			name = Release;
		};
/* End XCBuildConfiguration section */

/* Begin XCConfigurationList section */
		81546C382A64779500F2E98E /* Build configuration list for PBXProject "Sway TV" */ = {
			isa = XCConfigurationList;
			buildConfigurations = (
				81546C5F2A64779600F2E98E /* Debug */,
				81546C602A64779600F2E98E /* Release */,
			);
			defaultConfigurationIsVisible = 0;
			defaultConfigurationName = Release;
		};
		81546C612A64779600F2E98E /* Build configuration list for PBXNativeTarget "Sway TV" */ = {
			isa = XCConfigurationList;
			buildConfigurations = (
				81546C622A64779600F2E98E /* Debug */,
				81546C632A64779600F2E98E /* Release */,
			);
			defaultConfigurationIsVisible = 0;
			defaultConfigurationName = Release;
		};
		81546C642A64779600F2E98E /* Build configuration list for PBXNativeTarget "Sway TVTests" */ = {
			isa = XCConfigurationList;
			buildConfigurations = (
				81546C652A64779600F2E98E /* Debug */,
				81546C662A64779600F2E98E /* Release */,
			);
			defaultConfigurationIsVisible = 0;
			defaultConfigurationName = Release;
		};
		81546C672A64779600F2E98E /* Build configuration list for PBXNativeTarget "Sway TVUITests" */ = {
			isa = XCConfigurationList;
			buildConfigurations = (
				81546C682A64779600F2E98E /* Debug */,
				81546C692A64779600F2E98E /* Release */,
			);
			defaultConfigurationIsVisible = 0;
			defaultConfigurationName = Release;
		};
/* End XCConfigurationList section */
	};
	rootObject = 81546C352A64779500F2E98E /* Project object */;
}
