// !$*UTF8*$!
{
	archiveVersion = 1;
	classes = {
	};
	objectVersion = 56;
	objects = {

/* Begin PBXBuildFile section */
		81F5163E2A6341BB0093EE76 /* Sway_TVApp.swift in Sources */ = {isa = PBXBuildFile; fileRef = 81F5163D2A6341BB0093EE76 /* Sway_TVApp.swift */; };
		81F516402A6341BB0093EE76 /* ContentView.swift in Sources */ = {isa = PBXBuildFile; fileRef = 81F5163F2A6341BB0093EE76 /* ContentView.swift */; };
		81F516422A6341BD0093EE76 /* Assets.xcassets in Resources */ = {isa = PBXBuildFile; fileRef = 81F516412A6341BD0093EE76 /* Assets.xcassets */; };
		81F516452A6341BD0093EE76 /* Preview Assets.xcassets in Resources */ = {isa = PBXBuildFile; fileRef = 81F516442A6341BD0093EE76 /* Preview Assets.xcassets */; };
		81F5164F2A6341BD0093EE76 /* Sway_TVTests.swift in Sources */ = {isa = PBXBuildFile; fileRef = 81F5164E2A6341BD0093EE76 /* Sway_TVTests.swift */; };
		81F516592A6341BD0093EE76 /* Sway_TVUITests.swift in Sources */ = {isa = PBXBuildFile; fileRef = 81F516582A6341BD0093EE76 /* Sway_TVUITests.swift */; };
		81F5165B2A6341BD0093EE76 /* Sway_TVUITestsLaunchTests.swift in Sources */ = {isa = PBXBuildFile; fileRef = 81F5165A2A6341BD0093EE76 /* Sway_TVUITestsLaunchTests.swift */; };
		81F516682A6342C20093EE76 /* AudioPlayer.swift in Sources */ = {isa = PBXBuildFile; fileRef = 81F516672A6342C20093EE76 /* AudioPlayer.swift */; };
/* End PBXBuildFile section */

/* Begin PBXContainerItemProxy section */
		81F5164B2A6341BD0093EE76 /* PBXContainerItemProxy */ = {
			isa = PBXContainerItemProxy;
			containerPortal = 81F516322A6341BA0093EE76 /* Project object */;
			proxyType = 1;
			remoteGlobalIDString = 81F516392A6341BA0093EE76;
			remoteInfo = "Sway TV";
		};
		81F516552A6341BD0093EE76 /* PBXContainerItemProxy */ = {
			isa = PBXContainerItemProxy;
			containerPortal = 81F516322A6341BA0093EE76 /* Project object */;
			proxyType = 1;
			remoteGlobalIDString = 81F516392A6341BA0093EE76;
			remoteInfo = "Sway TV";
		};
/* End PBXContainerItemProxy section */

/* Begin PBXFileReference section */
		81F5163A2A6341BA0093EE76 /* Sway TV.app */ = {isa = PBXFileReference; explicitFileType = wrapper.application; includeInIndex = 0; path = "Sway TV.app"; sourceTree = BUILT_PRODUCTS_DIR; };
		81F5163D2A6341BB0093EE76 /* Sway_TVApp.swift */ = {isa = PBXFileReference; lastKnownFileType = sourcecode.swift; path = Sway_TVApp.swift; sourceTree = "<group>"; };
		81F5163F2A6341BB0093EE76 /* ContentView.swift */ = {isa = PBXFileReference; lastKnownFileType = sourcecode.swift; path = ContentView.swift; sourceTree = "<group>"; };
		81F516412A6341BD0093EE76 /* Assets.xcassets */ = {isa = PBXFileReference; lastKnownFileType = folder.assetcatalog; path = Assets.xcassets; sourceTree = "<group>"; };
		81F516442A6341BD0093EE76 /* Preview Assets.xcassets */ = {isa = PBXFileReference; lastKnownFileType = folder.assetcatalog; path = "Preview Assets.xcassets"; sourceTree = "<group>"; };
		81F5164A2A6341BD0093EE76 /* Sway TVTests.xctest */ = {isa = PBXFileReference; explicitFileType = wrapper.cfbundle; includeInIndex = 0; path = "Sway TVTests.xctest"; sourceTree = BUILT_PRODUCTS_DIR; };
		81F5164E2A6341BD0093EE76 /* Sway_TVTests.swift */ = {isa = PBXFileReference; lastKnownFileType = sourcecode.swift; path = Sway_TVTests.swift; sourceTree = "<group>"; };
		81F516542A6341BD0093EE76 /* Sway TVUITests.xctest */ = {isa = PBXFileReference; explicitFileType = wrapper.cfbundle; includeInIndex = 0; path = "Sway TVUITests.xctest"; sourceTree = BUILT_PRODUCTS_DIR; };
		81F516582A6341BD0093EE76 /* Sway_TVUITests.swift */ = {isa = PBXFileReference; lastKnownFileType = sourcecode.swift; path = Sway_TVUITests.swift; sourceTree = "<group>"; };
		81F5165A2A6341BD0093EE76 /* Sway_TVUITestsLaunchTests.swift */ = {isa = PBXFileReference; lastKnownFileType = sourcecode.swift; path = Sway_TVUITestsLaunchTests.swift; sourceTree = "<group>"; };
		81F516672A6342C20093EE76 /* AudioPlayer.swift */ = {isa = PBXFileReference; lastKnownFileType = sourcecode.swift; path = AudioPlayer.swift; sourceTree = "<group>"; };
/* End PBXFileReference section */

/* Begin PBXFrameworksBuildPhase section */
		81F516372A6341BA0093EE76 /* Frameworks */ = {
			isa = PBXFrameworksBuildPhase;
			buildActionMask = 2147483647;
			files = (
			);
			runOnlyForDeploymentPostprocessing = 0;
		};
		81F516472A6341BD0093EE76 /* Frameworks */ = {
			isa = PBXFrameworksBuildPhase;
			buildActionMask = 2147483647;
			files = (
			);
			runOnlyForDeploymentPostprocessing = 0;
		};
		81F516512A6341BD0093EE76 /* Frameworks */ = {
			isa = PBXFrameworksBuildPhase;
			buildActionMask = 2147483647;
			files = (
			);
			runOnlyForDeploymentPostprocessing = 0;
		};
/* End PBXFrameworksBuildPhase section */

/* Begin PBXGroup section */
		81F516312A6341BA0093EE76 = {
			isa = PBXGroup;
			children = (
				81F5163C2A6341BA0093EE76 /* Sway TV */,
				81F5164D2A6341BD0093EE76 /* Sway TVTests */,
				81F516572A6341BD0093EE76 /* Sway TVUITests */,
				81F5163B2A6341BA0093EE76 /* Products */,
			);
			sourceTree = "<group>";
		};
		81F5163B2A6341BA0093EE76 /* Products */ = {
			isa = PBXGroup;
			children = (
				81F5163A2A6341BA0093EE76 /* Sway TV.app */,
				81F5164A2A6341BD0093EE76 /* Sway TVTests.xctest */,
				81F516542A6341BD0093EE76 /* Sway TVUITests.xctest */,
			);
			name = Products;
			sourceTree = "<group>";
		};
		81F5163C2A6341BA0093EE76 /* Sway TV */ = {
			isa = PBXGroup;
			children = (
				81F5163D2A6341BB0093EE76 /* Sway_TVApp.swift */,
				81F5163F2A6341BB0093EE76 /* ContentView.swift */,
				81F516412A6341BD0093EE76 /* Assets.xcassets */,
				81F516432A6341BD0093EE76 /* Preview Content */,
				81F516672A6342C20093EE76 /* AudioPlayer.swift */,
			);
			path = "Sway TV";
			sourceTree = "<group>";
		};
		81F516432A6341BD0093EE76 /* Preview Content */ = {
			isa = PBXGroup;
			children = (
				81F516442A6341BD0093EE76 /* Preview Assets.xcassets */,
			);
			path = "Preview Content";
			sourceTree = "<group>";
		};
		81F5164D2A6341BD0093EE76 /* Sway TVTests */ = {
			isa = PBXGroup;
			children = (
				81F5164E2A6341BD0093EE76 /* Sway_TVTests.swift */,
			);
			path = "Sway TVTests";
			sourceTree = "<group>";
		};
		81F516572A6341BD0093EE76 /* Sway TVUITests */ = {
			isa = PBXGroup;
			children = (
				81F516582A6341BD0093EE76 /* Sway_TVUITests.swift */,
				81F5165A2A6341BD0093EE76 /* Sway_TVUITestsLaunchTests.swift */,
			);
			path = "Sway TVUITests";
			sourceTree = "<group>";
		};
/* End PBXGroup section */

/* Begin PBXNativeTarget section */
		81F516392A6341BA0093EE76 /* Sway TV */ = {
			isa = PBXNativeTarget;
			buildConfigurationList = 81F5165E2A6341BD0093EE76 /* Build configuration list for PBXNativeTarget "Sway TV" */;
			buildPhases = (
				81F516362A6341BA0093EE76 /* Sources */,
				81F516372A6341BA0093EE76 /* Frameworks */,
				81F516382A6341BA0093EE76 /* Resources */,
			);
			buildRules = (
			);
			dependencies = (
			);
			name = "Sway TV";
			productName = "Sway TV";
			productReference = 81F5163A2A6341BA0093EE76 /* Sway TV.app */;
			productType = "com.apple.product-type.application";
		};
		81F516492A6341BD0093EE76 /* Sway TVTests */ = {
			isa = PBXNativeTarget;
			buildConfigurationList = 81F516612A6341BD0093EE76 /* Build configuration list for PBXNativeTarget "Sway TVTests" */;
			buildPhases = (
				81F516462A6341BD0093EE76 /* Sources */,
				81F516472A6341BD0093EE76 /* Frameworks */,
				81F516482A6341BD0093EE76 /* Resources */,
			);
			buildRules = (
			);
			dependencies = (
				81F5164C2A6341BD0093EE76 /* PBXTargetDependency */,
			);
			name = "Sway TVTests";
			productName = "Sway TVTests";
			productReference = 81F5164A2A6341BD0093EE76 /* Sway TVTests.xctest */;
			productType = "com.apple.product-type.bundle.unit-test";
		};
		81F516532A6341BD0093EE76 /* Sway TVUITests */ = {
			isa = PBXNativeTarget;
			buildConfigurationList = 81F516642A6341BD0093EE76 /* Build configuration list for PBXNativeTarget "Sway TVUITests" */;
			buildPhases = (
				81F516502A6341BD0093EE76 /* Sources */,
				81F516512A6341BD0093EE76 /* Frameworks */,
				81F516522A6341BD0093EE76 /* Resources */,
			);
			buildRules = (
			);
			dependencies = (
				81F516562A6341BD0093EE76 /* PBXTargetDependency */,
			);
			name = "Sway TVUITests";
			productName = "Sway TVUITests";
			productReference = 81F516542A6341BD0093EE76 /* Sway TVUITests.xctest */;
			productType = "com.apple.product-type.bundle.ui-testing";
		};
/* End PBXNativeTarget section */

/* Begin PBXProject section */
		81F516322A6341BA0093EE76 /* Project object */ = {
			isa = PBXProject;
			attributes = {
				BuildIndependentTargetsInParallel = 1;
				LastSwiftUpdateCheck = 1430;
				LastUpgradeCheck = 1430;
				TargetAttributes = {
					81F516392A6341BA0093EE76 = {
						CreatedOnToolsVersion = 14.3.1;
					};
					81F516492A6341BD0093EE76 = {
						CreatedOnToolsVersion = 14.3.1;
						TestTargetID = 81F516392A6341BA0093EE76;
					};
					81F516532A6341BD0093EE76 = {
						CreatedOnToolsVersion = 14.3.1;
						TestTargetID = 81F516392A6341BA0093EE76;
					};
				};
			};
			buildConfigurationList = 81F516352A6341BA0093EE76 /* Build configuration list for PBXProject "Sway TV" */;
			compatibilityVersion = "Xcode 14.0";
			developmentRegion = en;
			hasScannedForEncodings = 0;
			knownRegions = (
				en,
				Base,
			);
			mainGroup = 81F516312A6341BA0093EE76;
			productRefGroup = 81F5163B2A6341BA0093EE76 /* Products */;
			projectDirPath = "";
			projectRoot = "";
			targets = (
				81F516392A6341BA0093EE76 /* Sway TV */,
				81F516492A6341BD0093EE76 /* Sway TVTests */,
				81F516532A6341BD0093EE76 /* Sway TVUITests */,
			);
		};
/* End PBXProject section */

/* Begin PBXResourcesBuildPhase section */
		81F516382A6341BA0093EE76 /* Resources */ = {
			isa = PBXResourcesBuildPhase;
			buildActionMask = 2147483647;
			files = (
				81F516452A6341BD0093EE76 /* Preview Assets.xcassets in Resources */,
				81F516422A6341BD0093EE76 /* Assets.xcassets in Resources */,
			);
			runOnlyForDeploymentPostprocessing = 0;
		};
		81F516482A6341BD0093EE76 /* Resources */ = {
			isa = PBXResourcesBuildPhase;
			buildActionMask = 2147483647;
			files = (
			);
			runOnlyForDeploymentPostprocessing = 0;
		};
		81F516522A6341BD0093EE76 /* Resources */ = {
			isa = PBXResourcesBuildPhase;
			buildActionMask = 2147483647;
			files = (
			);
			runOnlyForDeploymentPostprocessing = 0;
		};
/* End PBXResourcesBuildPhase section */

/* Begin PBXSourcesBuildPhase section */
		81F516362A6341BA0093EE76 /* Sources */ = {
			isa = PBXSourcesBuildPhase;
			buildActionMask = 2147483647;
			files = (
				81F516402A6341BB0093EE76 /* ContentView.swift in Sources */,
				81F5163E2A6341BB0093EE76 /* Sway_TVApp.swift in Sources */,
				81F516682A6342C20093EE76 /* AudioPlayer.swift in Sources */,
			);
			runOnlyForDeploymentPostprocessing = 0;
		};
		81F516462A6341BD0093EE76 /* Sources */ = {
			isa = PBXSourcesBuildPhase;
			buildActionMask = 2147483647;
			files = (
				81F5164F2A6341BD0093EE76 /* Sway_TVTests.swift in Sources */,
			);
			runOnlyForDeploymentPostprocessing = 0;
		};
		81F516502A6341BD0093EE76 /* Sources */ = {
			isa = PBXSourcesBuildPhase;
			buildActionMask = 2147483647;
			files = (
				81F5165B2A6341BD0093EE76 /* Sway_TVUITestsLaunchTests.swift in Sources */,
				81F516592A6341BD0093EE76 /* Sway_TVUITests.swift in Sources */,
			);
			runOnlyForDeploymentPostprocessing = 0;
		};
/* End PBXSourcesBuildPhase section */

/* Begin PBXTargetDependency section */
		81F5164C2A6341BD0093EE76 /* PBXTargetDependency */ = {
			isa = PBXTargetDependency;
			target = 81F516392A6341BA0093EE76 /* Sway TV */;
			targetProxy = 81F5164B2A6341BD0093EE76 /* PBXContainerItemProxy */;
		};
		81F516562A6341BD0093EE76 /* PBXTargetDependency */ = {
			isa = PBXTargetDependency;
			target = 81F516392A6341BA0093EE76 /* Sway TV */;
			targetProxy = 81F516552A6341BD0093EE76 /* PBXContainerItemProxy */;
		};
/* End PBXTargetDependency section */

/* Begin XCBuildConfiguration section */
		81F5165C2A6341BD0093EE76 /* Debug */ = {
			isa = XCBuildConfiguration;
			buildSettings = {
				ALWAYS_SEARCH_USER_PATHS = NO;
				CLANG_ANALYZER_NONNULL = YES;
				CLANG_ANALYZER_NUMBER_OBJECT_CONVERSION = YES_AGGRESSIVE;
				CLANG_CXX_LANGUAGE_STANDARD = "gnu++20";
				CLANG_ENABLE_MODULES = YES;
				CLANG_ENABLE_OBJC_ARC = YES;
				CLANG_ENABLE_OBJC_WEAK = YES;
				CLANG_WARN_BLOCK_CAPTURE_AUTORELEASING = YES;
				CLANG_WARN_BOOL_CONVERSION = YES;
				CLANG_WARN_COMMA = YES;
				CLANG_WARN_CONSTANT_CONVERSION = YES;
				CLANG_WARN_DEPRECATED_OBJC_IMPLEMENTATIONS = YES;
				CLANG_WARN_DIRECT_OBJC_ISA_USAGE = YES_ERROR;
				CLANG_WARN_DOCUMENTATION_COMMENTS = YES;
				CLANG_WARN_EMPTY_BODY = YES;
				CLANG_WARN_ENUM_CONVERSION = YES;
				CLANG_WARN_INFINITE_RECURSION = YES;
				CLANG_WARN_INT_CONVERSION = YES;
				CLANG_WARN_NON_LITERAL_NULL_CONVERSION = YES;
				CLANG_WARN_OBJC_IMPLICIT_RETAIN_SELF = YES;
				CLANG_WARN_OBJC_LITERAL_CONVERSION = YES;
				CLANG_WARN_OBJC_ROOT_CLASS = YES_ERROR;
				CLANG_WARN_QUOTED_INCLUDE_IN_FRAMEWORK_HEADER = YES;
				CLANG_WARN_RANGE_LOOP_ANALYSIS = YES;
				CLANG_WARN_STRICT_PROTOTYPES = YES;
				CLANG_WARN_SUSPICIOUS_MOVE = YES;
				CLANG_WARN_UNGUARDED_AVAILABILITY = YES_AGGRESSIVE;
				CLANG_WARN_UNREACHABLE_CODE = YES;
				CLANG_WARN__DUPLICATE_METHOD_MATCH = YES;
				COPY_PHASE_STRIP = NO;
				DEBUG_INFORMATION_FORMAT = dwarf;
				ENABLE_STRICT_OBJC_MSGSEND = YES;
				ENABLE_TESTABILITY = YES;
				GCC_C_LANGUAGE_STANDARD = gnu11;
				GCC_DYNAMIC_NO_PIC = NO;
				GCC_NO_COMMON_BLOCKS = YES;
				GCC_OPTIMIZATION_LEVEL = 0;
				GCC_PREPROCESSOR_DEFINITIONS = (
					"DEBUG=1",
					"$(inherited)",
				);
				GCC_WARN_64_TO_32_BIT_CONVERSION = YES;
				GCC_WARN_ABOUT_RETURN_TYPE = YES_ERROR;
				GCC_WARN_UNDECLARED_SELECTOR = YES;
				GCC_WARN_UNINITIALIZED_AUTOS = YES_AGGRESSIVE;
				GCC_WARN_UNUSED_FUNCTION = YES;
				GCC_WARN_UNUSED_VARIABLE = YES;
				MTL_ENABLE_DEBUG_INFO = INCLUDE_SOURCE;
				MTL_FAST_MATH = YES;
				ONLY_ACTIVE_ARCH = YES;
				SDKROOT = appletvos;
				SWIFT_ACTIVE_COMPILATION_CONDITIONS = DEBUG;
				SWIFT_OPTIMIZATION_LEVEL = "-Onone";
				TVOS_DEPLOYMENT_TARGET = 16.4;
			};
			name = Debug;
		};
		81F5165D2A6341BD0093EE76 /* Release */ = {
			isa = XCBuildConfiguration;
			buildSettings = {
				ALWAYS_SEARCH_USER_PATHS = NO;
				CLANG_ANALYZER_NONNULL = YES;
				CLANG_ANALYZER_NUMBER_OBJECT_CONVERSION = YES_AGGRESSIVE;
				CLANG_CXX_LANGUAGE_STANDARD = "gnu++20";
				CLANG_ENABLE_MODULES = YES;
				CLANG_ENABLE_OBJC_ARC = YES;
				CLANG_ENABLE_OBJC_WEAK = YES;
				CLANG_WARN_BLOCK_CAPTURE_AUTORELEASING = YES;
				CLANG_WARN_BOOL_CONVERSION = YES;
				CLANG_WARN_COMMA = YES;
				CLANG_WARN_CONSTANT_CONVERSION = YES;
				CLANG_WARN_DEPRECATED_OBJC_IMPLEMENTATIONS = YES;
				CLANG_WARN_DIRECT_OBJC_ISA_USAGE = YES_ERROR;
				CLANG_WARN_DOCUMENTATION_COMMENTS = YES;
				CLANG_WARN_EMPTY_BODY = YES;
				CLANG_WARN_ENUM_CONVERSION = YES;
				CLANG_WARN_INFINITE_RECURSION = YES;
				CLANG_WARN_INT_CONVERSION = YES;
				CLANG_WARN_NON_LITERAL_NULL_CONVERSION = YES;
				CLANG_WARN_OBJC_IMPLICIT_RETAIN_SELF = YES;
				CLANG_WARN_OBJC_LITERAL_CONVERSION = YES;
				CLANG_WARN_OBJC_ROOT_CLASS = YES_ERROR;
				CLANG_WARN_QUOTED_INCLUDE_IN_FRAMEWORK_HEADER = YES;
				CLANG_WARN_RANGE_LOOP_ANALYSIS = YES;
				CLANG_WARN_STRICT_PROTOTYPES = YES;
				CLANG_WARN_SUSPICIOUS_MOVE = YES;
				CLANG_WARN_UNGUARDED_AVAILABILITY = YES_AGGRESSIVE;
				CLANG_WARN_UNREACHABLE_CODE = YES;
				CLANG_WARN__DUPLICATE_METHOD_MATCH = YES;
				COPY_PHASE_STRIP = NO;
				DEBUG_INFORMATION_FORMAT = "dwarf-with-dsym";
				ENABLE_NS_ASSERTIONS = NO;
				ENABLE_STRICT_OBJC_MSGSEND = YES;
				GCC_C_LANGUAGE_STANDARD = gnu11;
				GCC_NO_COMMON_BLOCKS = YES;
				GCC_WARN_64_TO_32_BIT_CONVERSION = YES;
				GCC_WARN_ABOUT_RETURN_TYPE = YES_ERROR;
				GCC_WARN_UNDECLARED_SELECTOR = YES;
				GCC_WARN_UNINITIALIZED_AUTOS = YES_AGGRESSIVE;
				GCC_WARN_UNUSED_FUNCTION = YES;
				GCC_WARN_UNUSED_VARIABLE = YES;
				MTL_ENABLE_DEBUG_INFO = NO;
				MTL_FAST_MATH = YES;
				SDKROOT = appletvos;
				SWIFT_COMPILATION_MODE = wholemodule;
				SWIFT_OPTIMIZATION_LEVEL = "-O";
				TVOS_DEPLOYMENT_TARGET = 16.4;
				VALIDATE_PRODUCT = YES;
			};
			name = Release;
		};
		81F5165F2A6341BD0093EE76 /* Debug */ = {
			isa = XCBuildConfiguration;
			buildSettings = {
				ASSETCATALOG_COMPILER_APPICON_NAME = "App Icon & Top Shelf Image";
				ASSETCATALOG_COMPILER_GLOBAL_ACCENT_COLOR_NAME = AccentColor;
				CODE_SIGN_STYLE = Automatic;
				CURRENT_PROJECT_VERSION = 1;
				DEVELOPMENT_ASSET_PATHS = "\"Sway TV/Preview Content\"";
				DEVELOPMENT_TEAM = LGH757AD8S;
				ENABLE_PREVIEWS = YES;
				GENERATE_INFOPLIST_FILE = YES;
				INFOPLIST_KEY_UILaunchScreen_Generation = YES;
				INFOPLIST_KEY_UIUserInterfaceStyle = Automatic;
				LD_RUNPATH_SEARCH_PATHS = (
					"$(inherited)",
					"@executable_path/Frameworks",
				);
				MARKETING_VERSION = 1.0;
				PRODUCT_BUNDLE_IDENTIFIER = "app.waggie.Sway-TV";
				PRODUCT_NAME = "$(TARGET_NAME)";
				SWIFT_EMIT_LOC_STRINGS = YES;
				SWIFT_VERSION = 5.0;
				TARGETED_DEVICE_FAMILY = 3;
			};
			name = Debug;
		};
		81F516602A6341BD0093EE76 /* Release */ = {
			isa = XCBuildConfiguration;
			buildSettings = {
				ASSETCATALOG_COMPILER_APPICON_NAME = "App Icon & Top Shelf Image";
				ASSETCATALOG_COMPILER_GLOBAL_ACCENT_COLOR_NAME = AccentColor;
				CODE_SIGN_STYLE = Automatic;
				CURRENT_PROJECT_VERSION = 1;
				DEVELOPMENT_ASSET_PATHS = "\"Sway TV/Preview Content\"";
				DEVELOPMENT_TEAM = LGH757AD8S;
				ENABLE_PREVIEWS = YES;
				GENERATE_INFOPLIST_FILE = YES;
				INFOPLIST_KEY_UILaunchScreen_Generation = YES;
				INFOPLIST_KEY_UIUserInterfaceStyle = Automatic;
				LD_RUNPATH_SEARCH_PATHS = (
					"$(inherited)",
					"@executable_path/Frameworks",
				);
				MARKETING_VERSION = 1.0;
				PRODUCT_BUNDLE_IDENTIFIER = "app.waggie.Sway-TV";
				PRODUCT_NAME = "$(TARGET_NAME)";
				SWIFT_EMIT_LOC_STRINGS = YES;
				SWIFT_VERSION = 5.0;
				TARGETED_DEVICE_FAMILY = 3;
			};
			name = Release;
		};
		81F516622A6341BD0093EE76 /* Debug */ = {
			isa = XCBuildConfiguration;
			buildSettings = {
				ALWAYS_EMBED_SWIFT_STANDARD_LIBRARIES = YES;
				BUNDLE_LOADER = "$(TEST_HOST)";
				CODE_SIGN_STYLE = Automatic;
				CURRENT_PROJECT_VERSION = 1;
				DEVELOPMENT_TEAM = LGH757AD8S;
				GENERATE_INFOPLIST_FILE = YES;
				MARKETING_VERSION = 1.0;
				PRODUCT_BUNDLE_IDENTIFIER = "app.waggie.Sway-TVTests";
				PRODUCT_NAME = "$(TARGET_NAME)";
				SWIFT_EMIT_LOC_STRINGS = NO;
				SWIFT_VERSION = 5.0;
				TARGETED_DEVICE_FAMILY = 3;
				TEST_HOST = "$(BUILT_PRODUCTS_DIR)/Sway TV.app/$(BUNDLE_EXECUTABLE_FOLDER_PATH)/Sway TV";
				TVOS_DEPLOYMENT_TARGET = 16.4;
			};
			name = Debug;
		};
		81F516632A6341BD0093EE76 /* Release */ = {
			isa = XCBuildConfiguration;
			buildSettings = {
				ALWAYS_EMBED_SWIFT_STANDARD_LIBRARIES = YES;
				BUNDLE_LOADER = "$(TEST_HOST)";
				CODE_SIGN_STYLE = Automatic;
				CURRENT_PROJECT_VERSION = 1;
				DEVELOPMENT_TEAM = LGH757AD8S;
				GENERATE_INFOPLIST_FILE = YES;
				MARKETING_VERSION = 1.0;
				PRODUCT_BUNDLE_IDENTIFIER = "app.waggie.Sway-TVTests";
				PRODUCT_NAME = "$(TARGET_NAME)";
				SWIFT_EMIT_LOC_STRINGS = NO;
				SWIFT_VERSION = 5.0;
				TARGETED_DEVICE_FAMILY = 3;
				TEST_HOST = "$(BUILT_PRODUCTS_DIR)/Sway TV.app/$(BUNDLE_EXECUTABLE_FOLDER_PATH)/Sway TV";
				TVOS_DEPLOYMENT_TARGET = 16.4;
			};
			name = Release;
		};
		81F516652A6341BD0093EE76 /* Debug */ = {
			isa = XCBuildConfiguration;
			buildSettings = {
				ALWAYS_EMBED_SWIFT_STANDARD_LIBRARIES = YES;
				CODE_SIGN_STYLE = Automatic;
				CURRENT_PROJECT_VERSION = 1;
				DEVELOPMENT_TEAM = LGH757AD8S;
				GENERATE_INFOPLIST_FILE = YES;
				MARKETING_VERSION = 1.0;
				PRODUCT_BUNDLE_IDENTIFIER = "app.waggie.Sway-TVUITests";
				PRODUCT_NAME = "$(TARGET_NAME)";
				SWIFT_EMIT_LOC_STRINGS = NO;
				SWIFT_VERSION = 5.0;
				TARGETED_DEVICE_FAMILY = 3;
				TEST_TARGET_NAME = "Sway TV";
			};
			name = Debug;
		};
		81F516662A6341BD0093EE76 /* Release */ = {
			isa = XCBuildConfiguration;
			buildSettings = {
				ALWAYS_EMBED_SWIFT_STANDARD_LIBRARIES = YES;
				CODE_SIGN_STYLE = Automatic;
				CURRENT_PROJECT_VERSION = 1;
				DEVELOPMENT_TEAM = LGH757AD8S;
				GENERATE_INFOPLIST_FILE = YES;
				MARKETING_VERSION = 1.0;
				PRODUCT_BUNDLE_IDENTIFIER = "app.waggie.Sway-TVUITests";
				PRODUCT_NAME = "$(TARGET_NAME)";
				SWIFT_EMIT_LOC_STRINGS = NO;
				SWIFT_VERSION = 5.0;
				TARGETED_DEVICE_FAMILY = 3;
				TEST_TARGET_NAME = "Sway TV";
			};
			name = Release;
		};
/* End XCBuildConfiguration section */

/* Begin XCConfigurationList section */
		81F516352A6341BA0093EE76 /* Build configuration list for PBXProject "Sway TV" */ = {
			isa = XCConfigurationList;
			buildConfigurations = (
				81F5165C2A6341BD0093EE76 /* Debug */,
				81F5165D2A6341BD0093EE76 /* Release */,
			);
			defaultConfigurationIsVisible = 0;
			defaultConfigurationName = Release;
		};
		81F5165E2A6341BD0093EE76 /* Build configuration list for PBXNativeTarget "Sway TV" */ = {
			isa = XCConfigurationList;
			buildConfigurations = (
				81F5165F2A6341BD0093EE76 /* Debug */,
				81F516602A6341BD0093EE76 /* Release */,
			);
			defaultConfigurationIsVisible = 0;
			defaultConfigurationName = Release;
		};
		81F516612A6341BD0093EE76 /* Build configuration list for PBXNativeTarget "Sway TVTests" */ = {
			isa = XCConfigurationList;
			buildConfigurations = (
				81F516622A6341BD0093EE76 /* Debug */,
				81F516632A6341BD0093EE76 /* Release */,
			);
			defaultConfigurationIsVisible = 0;
			defaultConfigurationName = Release;
		};
		81F516642A6341BD0093EE76 /* Build configuration list for PBXNativeTarget "Sway TVUITests" */ = {
			isa = XCConfigurationList;
			buildConfigurations = (
				81F516652A6341BD0093EE76 /* Debug */,
				81F516662A6341BD0093EE76 /* Release */,
			);
			defaultConfigurationIsVisible = 0;
			defaultConfigurationName = Release;
		};
/* End XCConfigurationList section */
	};
	rootObject = 81F516322A6341BA0093EE76 /* Project object */;
}
